
Microsoft Visual Studio Solution File, Format Version 12.00
# Visual Studio Version 17
VisualStudioVersion = 17.14.36203.30 d17.14
MinimumVisualStudioVersion = 10.0.40219.1
Project("{FAE04EC0-301F-11D3-BF4B-00C04F79EFBC}") = "Presentation", "Presentation.csproj", "{38062EC4-00AB-4C2C-8BCD-64797219DBAD}"
EndProject
Project("{FAE04EC0-301F-11D3-BF4B-00C04F79EFBC}") = "DVDLDataAccessLayer", "..\DVDLDataAccessLayer\DVDLDataAccessLayer.csproj", "{1EA62AE7-182C-4BC1-96D4-15815CD430B3}"
EndProject
Project("{FAE04EC0-301F-11D3-BF4B-00C04F79EFBC}") = "DVDLBusinessLayer", "..\DVDLBusinessLayer\DVDLBusinessLayer.csproj", "{926C610F-2DF8-4257-803E-30DC1D11BB47}"
EndProject
Global
	GlobalSection(SolutionConfigurationPlatforms) = preSolution
		Debug|Any CPU = Debug|Any CPU
		Release|Any CPU = Release|Any CPU
	EndGlobalSection
	GlobalSection(ProjectConfigurationPlatforms) = postSolution
		{38062EC4-00AB-4C2C-8BCD-64797219DBAD}.Debug|Any CPU.ActiveCfg = Debug|Any CPU
		{38062EC4-00AB-4C2C-8BCD-64797219DBAD}.Debug|Any CPU.Build.0 = Debug|Any CPU
		{38062EC4-00AB-4C2C-8BCD-64797219DBAD}.Release|Any CPU.ActiveCfg = Release|Any CPU
		{38062EC4-00AB-4C2C-8BCD-64797219DBAD}.Release|Any CPU.Build.0 = Release|Any CPU
		{1EA62AE7-182C-4BC1-96D4-15815CD430B3}.Debug|Any CPU.ActiveCfg = Debug|Any CPU
		{1EA62AE7-182C-4BC1-96D4-15815CD430B3}.Debug|Any CPU.Build.0 = Debug|Any CPU
		{1EA62AE7-182C-4BC1-96D4-15815CD430B3}.Release|Any CPU.ActiveCfg = Release|Any CPU
		{1EA62AE7-182C-4BC1-96D4-15815CD430B3}.Release|Any CPU.Build.0 = Release|Any CPU
		{926C610F-2DF8-4257-803E-30DC1D11BB47}.Debug|Any CPU.ActiveCfg = Debug|Any CPU
		{926C610F-2DF8-4257-803E-30DC1D11BB47}.Debug|Any CPU.Build.0 = Debug|Any CPU
		{926C610F-2DF8-4257-803E-30DC1D11BB47}.Release|Any CPU.ActiveCfg = Release|Any CPU
		{926C610F-2DF8-4257-803E-30DC1D11BB47}.Release|Any CPU.Build.0 = Release|Any CPU
	EndGlobalSection
	GlobalSection(SolutionProperties) = preSolution
		HideSolutionNode = FALSE
	EndGlobalSection
	GlobalSection(ExtensibilityGlobals) = postSolution
		SolutionGuid = {E85EF4CB-B511-4C01-8A78-F78786CBFC1F}
	EndGlobalSection
EndGlobal
